// !$*UTF8*$!
{
	archiveVersion = 1;
	classes = {
	};
	objectVersion = 48;
	objects = {

/* Begin PBXBuildFile section */
		1A1995E2216E797400A80612 /* MyFigure.swift in Sources */ = {isa = PBXBuildFile; fileRef = 1A1995E1216E797400A80612 /* MyFigure.swift */; };
		1A45F5CC216CEDDF00668DC1 /* AppDelegate.swift in Sources */ = {isa = PBXBuildFile; fileRef = 1A45F5CB216CEDDF00668DC1 /* AppDelegate.swift */; };
		1A45F5CE216CEDDF00668DC1 /* ViewController.swift in Sources */ = {isa = PBXBuildFile; fileRef = 1A45F5CD216CEDDF00668DC1 /* ViewController.swift */; };
		1A45F5D1216CEDDF00668DC1 /* Main.storyboard in Resources */ = {isa = PBXBuildFile; fileRef = 1A45F5CF216CEDDF00668DC1 /* Main.storyboard */; };
		1A45F5D3216CEDDF00668DC1 /* Assets.xcassets in Resources */ = {isa = PBXBuildFile; fileRef = 1A45F5D2216CEDDF00668DC1 /* Assets.xcassets */; };
		1A45F5D6216CEDDF00668DC1 /* LaunchScreen.storyboard in Resources */ = {isa = PBXBuildFile; fileRef = 1A45F5D4216CEDDF00668DC1 /* LaunchScreen.storyboard */; };
		1A45F5E0216CF44700668DC1 /* Figures.swift in Sources */ = {isa = PBXBuildFile; fileRef = 1A45F5DF216CF44700668DC1 /* Figures.swift */; };
/* End PBXBuildFile section */

/* Begin PBXFileReference section */
		1A1995E1216E797400A80612 /* MyFigure.swift */ = {isa = PBXFileReference; lastKnownFileType = sourcecode.swift; path = MyFigure.swift; sourceTree = "<group>"; };
		1A45F5C8216CEDDF00668DC1 /* MotionCube.app */ = {isa = PBXFileReference; explicitFileType = wrapper.application; includeInIndex = 0; path = MotionCube.app; sourceTree = BUILT_PRODUCTS_DIR; };
		1A45F5CB216CEDDF00668DC1 /* AppDelegate.swift */ = {isa = PBXFileReference; lastKnownFileType = sourcecode.swift; path = AppDelegate.swift; sourceTree = "<group>"; };
		1A45F5CD216CEDDF00668DC1 /* ViewController.swift */ = {isa = PBXFileReference; lastKnownFileType = sourcecode.swift; path = ViewController.swift; sourceTree = "<group>"; };
		1A45F5D0216CEDDF00668DC1 /* Base */ = {isa = PBXFileReference; lastKnownFileType = file.storyboard; name = Base; path = Base.lproj/Main.storyboard; sourceTree = "<group>"; };
		1A45F5D2216CEDDF00668DC1 /* Assets.xcassets */ = {isa = PBXFileReference; lastKnownFileType = folder.assetcatalog; path = Assets.xcassets; sourceTree = "<group>"; };
		1A45F5D5216CEDDF00668DC1 /* Base */ = {isa = PBXFileReference; lastKnownFileType = file.storyboard; name = Base; path = Base.lproj/LaunchScreen.storyboard; sourceTree = "<group>"; };
		1A45F5D7216CEDDF00668DC1 /* Info.plist */ = {isa = PBXFileReference; lastKnownFileType = text.plist.xml; path = Info.plist; sourceTree = "<group>"; };
		1A45F5DF216CF44700668DC1 /* Figures.swift */ = {isa = PBXFileReference; lastKnownFileType = sourcecode.swift; path = Figures.swift; sourceTree = "<group>"; };
/* End PBXFileReference section */

/* Begin PBXFrameworksBuildPhase section */
		1A45F5C5216CEDDF00668DC1 /* Frameworks */ = {
			isa = PBXFrameworksBuildPhase;
			buildActionMask = 2147483647;
			files = (
			);
			runOnlyForDeploymentPostprocessing = 0;
		};
/* End PBXFrameworksBuildPhase section */

/* Begin PBXGroup section */
		1A45F5BF216CEDDF00668DC1 = {
			isa = PBXGroup;
			children = (
				1A45F5CA216CEDDF00668DC1 /* MotionCube */,
				1A45F5C9216CEDDF00668DC1 /* Products */,
			);
			sourceTree = "<group>";
		};
		1A45F5C9216CEDDF00668DC1 /* Products */ = {
			isa = PBXGroup;
			children = (
				1A45F5C8216CEDDF00668DC1 /* MotionCube.app */,
			);
			name = Products;
			sourceTree = "<group>";
		};
		1A45F5CA216CEDDF00668DC1 /* MotionCube */ = {
			isa = PBXGroup;
			children = (
				1A45F5CB216CEDDF00668DC1 /* AppDelegate.swift */,
				1A45F5CD216CEDDF00668DC1 /* ViewController.swift */,
				1A1995E1216E797400A80612 /* MyFigure.swift */,
				1A45F5DF216CF44700668DC1 /* Figures.swift */,
				1A45F5CF216CEDDF00668DC1 /* Main.storyboard */,
				1A45F5D2216CEDDF00668DC1 /* Assets.xcassets */,
				1A45F5D4216CEDDF00668DC1 /* LaunchScreen.storyboard */,
				1A45F5D7216CEDDF00668DC1 /* Info.plist */,
			);
			path = MotionCube;
			sourceTree = "<group>";
		};
/* End PBXGroup section */

/* Begin PBXNativeTarget section */
		1A45F5C7216CEDDF00668DC1 /* MotionCube */ = {
			isa = PBXNativeTarget;
			buildConfigurationList = 1A45F5DA216CEDDF00668DC1 /* Build configuration list for PBXNativeTarget "MotionCube" */;
			buildPhases = (
				1A45F5C4216CEDDF00668DC1 /* Sources */,
				1A45F5C5216CEDDF00668DC1 /* Frameworks */,
				1A45F5C6216CEDDF00668DC1 /* Resources */,
			);
			buildRules = (
			);
			dependencies = (
			);
			name = MotionCube;
			productName = MotionCube;
			productReference = 1A45F5C8216CEDDF00668DC1 /* MotionCube.app */;
			productType = "com.apple.product-type.application";
		};
/* End PBXNativeTarget section */

/* Begin PBXProject section */
		1A45F5C0216CEDDF00668DC1 /* Project object */ = {
			isa = PBXProject;
			attributes = {
				LastSwiftUpdateCheck = 0920;
				LastUpgradeCheck = 0920;
				ORGANIZATIONNAME = "Yaroslav Zakharchuk";
				TargetAttributes = {
					1A45F5C7216CEDDF00668DC1 = {
						CreatedOnToolsVersion = 9.2;
						ProvisioningStyle = Automatic;
					};
				};
			};
			buildConfigurationList = 1A45F5C3216CEDDF00668DC1 /* Build configuration list for PBXProject "MotionCube" */;
			compatibilityVersion = "Xcode 8.0";
			developmentRegion = en;
			hasScannedForEncodings = 0;
			knownRegions = (
				en,
				Base,
			);
			mainGroup = 1A45F5BF216CEDDF00668DC1;
			productRefGroup = 1A45F5C9216CEDDF00668DC1 /* Products */;
			projectDirPath = "";
			projectRoot = "";
			targets = (
				1A45F5C7216CEDDF00668DC1 /* MotionCube */,
			);
		};
/* End PBXProject section */

/* Begin PBXResourcesBuildPhase section */
		1A45F5C6216CEDDF00668DC1 /* Resources */ = {
			isa = PBXResourcesBuildPhase;
			buildActionMask = 2147483647;
			files = (
				1A45F5D6216CEDDF00668DC1 /* LaunchScreen.storyboard in Resources */,
				1A45F5D3216CEDDF00668DC1 /* Assets.xcassets in Resources */,
				1A45F5D1216CEDDF00668DC1 /* Main.storyboard in Resources */,
			);
			runOnlyForDeploymentPostprocessing = 0;
		};
/* End PBXResourcesBuildPhase section */

/* Begin PBXSourcesBuildPhase section */
		1A45F5C4216CEDDF00668DC1 /* Sources */ = {
			isa = PBXSourcesBuildPhase;
			buildActionMask = 2147483647;
			files = (
				1A45F5CE216CEDDF00668DC1 /* ViewController.swift in Sources */,
				1A1995E2216E797400A80612 /* MyFigure.swift in Sources */,
				1A45F5E0216CF44700668DC1 /* Figures.swift in Sources */,
				1A45F5CC216CEDDF00668DC1 /* AppDelegate.swift in Sources */,
			);
			runOnlyForDeploymentPostprocessing = 0;
		};
/* End PBXSourcesBuildPhase section */

/* Begin PBXVariantGroup section */
		1A45F5CF216CEDDF00668DC1 /* Main.storyboard */ = {
			isa = PBXVariantGroup;
			children = (
				1A45F5D0216CEDDF00668DC1 /* Base */,
			);
			name = Main.storyboard;
			sourceTree = "<group>";
		};
		1A45F5D4216CEDDF00668DC1 /* LaunchScreen.storyboard */ = {
			isa = PBXVariantGroup;
			children = (
				1A45F5D5216CEDDF00668DC1 /* Base */,
			);
			name = LaunchScreen.storyboard;
			sourceTree = "<group>";
		};
/* End PBXVariantGroup section */

/* Begin XCBuildConfiguration section */
		1A45F5D8216CEDDF00668DC1 /* Debug */ = {
			isa = XCBuildConfiguration;
			buildSettings = {
				ALWAYS_SEARCH_USER_PATHS = NO;
				CLANG_ANALYZER_NONNULL = YES;
				CLANG_ANALYZER_NUMBER_OBJECT_CONVERSION = YES_AGGRESSIVE;
				CLANG_CXX_LANGUAGE_STANDARD = "gnu++14";
				CLANG_CXX_LIBRARY = "libc++";
				CLANG_ENABLE_MODULES = YES;
				CLANG_ENABLE_OBJC_ARC = YES;
				CLANG_WARN_BLOCK_CAPTURE_AUTORELEASING = YES;
				CLANG_WARN_BOOL_CONVERSION = YES;
				CLANG_WARN_COMMA = YES;
				CLANG_WARN_CONSTANT_CONVERSION = YES;
				CLANG_WARN_DIRECT_OBJC_ISA_USAGE = YES_ERROR;
				CLANG_WARN_DOCUMENTATION_COMMENTS = YES;
				CLANG_WARN_EMPTY_BODY = YES;
				CLANG_WARN_ENUM_CONVERSION = YES;
				CLANG_WARN_INFINITE_RECURSION = YES;
				CLANG_WARN_INT_CONVERSION = YES;
				CLANG_WARN_NON_LITERAL_NULL_CONVERSION = YES;
				CLANG_WARN_OBJC_LITERAL_CONVERSION = YES;
				CLANG_WARN_OBJC_ROOT_CLASS = YES_ERROR;
				CLANG_WARN_RANGE_LOOP_ANALYSIS = YES;
				CLANG_WARN_STRICT_PROTOTYPES = YES;
				CLANG_WARN_SUSPICIOUS_MOVE = YES;
				CLANG_WARN_UNGUARDED_AVAILABILITY = YES_AGGRESSIVE;
				CLANG_WARN_UNREACHABLE_CODE = YES;
				CLANG_WARN__DUPLICATE_METHOD_MATCH = YES;
				CODE_SIGN_IDENTITY = "iPhone Developer";
				COPY_PHASE_STRIP = NO;
				DEBUG_INFORMATION_FORMAT = dwarf;
				ENABLE_STRICT_OBJC_MSGSEND = YES;
				ENABLE_TESTABILITY = YES;
				GCC_C_LANGUAGE_STANDARD = gnu11;
				GCC_DYNAMIC_NO_PIC = NO;
				GCC_NO_COMMON_BLOCKS = YES;
				GCC_OPTIMIZATION_LEVEL = 0;
				GCC_PREPROCESSOR_DEFINITIONS = (
					"DEBUG=1",
					"$(inherited)",
				);
				GCC_WARN_64_TO_32_BIT_CONVERSION = YES;
				GCC_WARN_ABOUT_RETURN_TYPE = YES_ERROR;
				GCC_WARN_UNDECLARED_SELECTOR = YES;
				GCC_WARN_UNINITIALIZED_AUTOS = YES_AGGRESSIVE;
				GCC_WARN_UNUSED_FUNCTION = YES;
				GCC_WARN_UNUSED_VARIABLE = YES;
				IPHONEOS_DEPLOYMENT_TARGET = 11.2;
				MTL_ENABLE_DEBUG_INFO = YES;
				ONLY_ACTIVE_ARCH = YES;
				SDKROOT = iphoneos;
				SWIFT_ACTIVE_COMPILATION_CONDITIONS = DEBUG;
				SWIFT_OPTIMIZATION_LEVEL = "-Onone";
			};
			name = Debug;
		};
		1A45F5D9216CEDDF00668DC1 /* Release */ = {
			isa = XCBuildConfiguration;
			buildSettings = {
				ALWAYS_SEARCH_USER_PATHS = NO;
				CLANG_ANALYZER_NONNULL = YES;
				CLANG_ANALYZER_NUMBER_OBJECT_CONVERSION = YES_AGGRESSIVE;
				CLANG_CXX_LANGUAGE_STANDARD = "gnu++14";
				CLANG_CXX_LIBRARY = "libc++";
				CLANG_ENABLE_MODULES = YES;
				CLANG_ENABLE_OBJC_ARC = YES;
				CLANG_WARN_BLOCK_CAPTURE_AUTORELEASING = YES;
				CLANG_WARN_BOOL_CONVERSION = YES;
				CLANG_WARN_COMMA = YES;
				CLANG_WARN_CONSTANT_CONVERSION = YES;
				CLANG_WARN_DIRECT_OBJC_ISA_USAGE = YES_ERROR;
				CLANG_WARN_DOCUMENTATION_COMMENTS = YES;
				CLANG_WARN_EMPTY_BODY = YES;
				CLANG_WARN_ENUM_CONVERSION = YES;
				CLANG_WARN_INFINITE_RECURSION = YES;
				CLANG_WARN_INT_CONVERSION = YES;
				CLANG_WARN_NON_LITERAL_NULL_CONVERSION = YES;
				CLANG_WARN_OBJC_LITERAL_CONVERSION = YES;
				CLANG_WARN_OBJC_ROOT_CLASS = YES_ERROR;
				CLANG_WARN_RANGE_LOOP_ANALYSIS = YES;
				CLANG_WARN_STRICT_PROTOTYPES = YES;
				CLANG_WARN_SUSPICIOUS_MOVE = YES;
				CLANG_WARN_UNGUARDED_AVAILABILITY = YES_AGGRESSIVE;
				CLANG_WARN_UNREACHABLE_CODE = YES;
				CLANG_WARN__DUPLICATE_METHOD_MATCH = YES;
				CODE_SIGN_IDENTITY = "iPhone Developer";
				COPY_PHASE_STRIP = NO;
				DEBUG_INFORMATION_FORMAT = "dwarf-with-dsym";
				ENABLE_NS_ASSERTIONS = NO;
				ENABLE_STRICT_OBJC_MSGSEND = YES;
				GCC_C_LANGUAGE_STANDARD = gnu11;
				GCC_NO_COMMON_BLOCKS = YES;
				GCC_WARN_64_TO_32_BIT_CONVERSION = YES;
				GCC_WARN_ABOUT_RETURN_TYPE = YES_ERROR;
				GCC_WARN_UNDECLARED_SELECTOR = YES;
				GCC_WARN_UNINITIALIZED_AUTOS = YES_AGGRESSIVE;
				GCC_WARN_UNUSED_FUNCTION = YES;
				GCC_WARN_UNUSED_VARIABLE = YES;
				IPHONEOS_DEPLOYMENT_TARGET = 11.2;
				MTL_ENABLE_DEBUG_INFO = NO;
				SDKROOT = iphoneos;
				SWIFT_OPTIMIZATION_LEVEL = "-Owholemodule";
				VALIDATE_PRODUCT = YES;
			};
			name = Release;
		};
		1A45F5DB216CEDDF00668DC1 /* Debug */ = {
			isa = XCBuildConfiguration;
			buildSettings = {
				ASSETCATALOG_COMPILER_APPICON_NAME = AppIcon;
				CODE_SIGN_STYLE = Automatic;
				INFOPLIST_FILE = MotionCube/Info.plist;
				LD_RUNPATH_SEARCH_PATHS = "$(inherited) @executable_path/Frameworks";
				PRODUCT_BUNDLE_IDENTIFIER = yzakharc.MotionCube;
				PRODUCT_NAME = "$(TARGET_NAME)";
				SWIFT_VERSION = 4.0;
				TARGETED_DEVICE_FAMILY = "1,2";
			};
			name = Debug;
		};
		1A45F5DC216CEDDF00668DC1 /* Release */ = {
			isa = XCBuildConfiguration;
			buildSettings = {
				ASSETCATALOG_COMPILER_APPICON_NAME = AppIcon;
				CODE_SIGN_STYLE = Automatic;
				INFOPLIST_FILE = MotionCube/Info.plist;
				LD_RUNPATH_SEARCH_PATHS = "$(inherited) @executable_path/Frameworks";
				PRODUCT_BUNDLE_IDENTIFIER = yzakharc.MotionCube;
				PRODUCT_NAME = "$(TARGET_NAME)";
				SWIFT_VERSION = 4.0;
				TARGETED_DEVICE_FAMILY = "1,2";
			};
			name = Release;
		};
/* End XCBuildConfiguration section */

/* Begin XCConfigurationList section */
		1A45F5C3216CEDDF00668DC1 /* Build configuration list for PBXProject "MotionCube" */ = {
			isa = XCConfigurationList;
			buildConfigurations = (
				1A45F5D8216CEDDF00668DC1 /* Debug */,
				1A45F5D9216CEDDF00668DC1 /* Release */,
			);
			defaultConfigurationIsVisible = 0;
			defaultConfigurationName = Release;
		};
		1A45F5DA216CEDDF00668DC1 /* Build configuration list for PBXNativeTarget "MotionCube" */ = {
			isa = XCConfigurationList;
			buildConfigurations = (
				1A45F5DB216CEDDF00668DC1 /* Debug */,
				1A45F5DC216CEDDF00668DC1 /* Release */,
			);
			defaultConfigurationIsVisible = 0;
			defaultConfigurationName = Release;
		};
/* End XCConfigurationList section */
	};
	rootObject = 1A45F5C0216CEDDF00668DC1 /* Project object */;
}
